// !$*UTF8*$!
{
	archiveVersion = 1;
	classes = {
	};
	objectVersion = 50;
	objects = {

/* Begin PBXBuildFile section */
		4F6F5A1AF63BF1FA546F5AEC /* libPods-MBProgressHUD-HUD.a in Frameworks */ = {isa = PBXBuildFile; fileRef = AB8C5DCB68A88A6FC28D49E4 /* libPods-MBProgressHUD-HUD.a */; };
		5D9D0F5FA71070E87A88EB08 /* libPods-MBProgressHUD-HUDUITests.a in Frameworks */ = {isa = PBXBuildFile; fileRef = 1833A301F26F11127625A201 /* libPods-MBProgressHUD-HUDUITests.a */; };
		AFDF8EEF20D8EACF003D0BBB /* AppDelegate.m in Sources */ = {isa = PBXBuildFile; fileRef = AFDF8EEE20D8EACF003D0BBB /* AppDelegate.m */; };
		AFDF8EF220D8EAD0003D0BBB /* ViewController.m in Sources */ = {isa = PBXBuildFile; fileRef = AFDF8EF120D8EAD0003D0BBB /* ViewController.m */; };
		AFDF8EF520D8EAD0003D0BBB /* Main.storyboard in Resources */ = {isa = PBXBuildFile; fileRef = AFDF8EF320D8EAD0003D0BBB /* Main.storyboard */; };
		AFDF8EF720D8EAD0003D0BBB /* Assets.xcassets in Resources */ = {isa = PBXBuildFile; fileRef = AFDF8EF620D8EAD0003D0BBB /* Assets.xcassets */; };
		AFDF8EFA20D8EAD0003D0BBB /* LaunchScreen.storyboard in Resources */ = {isa = PBXBuildFile; fileRef = AFDF8EF820D8EAD0003D0BBB /* LaunchScreen.storyboard */; };
		AFDF8EFD20D8EAD0003D0BBB /* main.m in Sources */ = {isa = PBXBuildFile; fileRef = AFDF8EFC20D8EAD0003D0BBB /* main.m */; };
		AFDF8F0720D8EAD1003D0BBB /* MBProgressHUD_HUDTests.m in Sources */ = {isa = PBXBuildFile; fileRef = AFDF8F0620D8EAD1003D0BBB /* MBProgressHUD_HUDTests.m */; };
		AFDF8F1220D8EAD1003D0BBB /* MBProgressHUD_HUDUITests.m in Sources */ = {isa = PBXBuildFile; fileRef = AFDF8F1120D8EAD1003D0BBB /* MBProgressHUD_HUDUITests.m */; };
		AFDF8F2220D8EAFD003D0BBB /* MBProgressHUD+HUD.m in Sources */ = {isa = PBXBuildFile; fileRef = AFDF8F1F20D8EAFD003D0BBB /* MBProgressHUD+HUD.m */; };
		AFDF8F2320D8EAFD003D0BBB /* MBProgressHUD+HUD.bundle in Resources */ = {isa = PBXBuildFile; fileRef = AFDF8F2020D8EAFD003D0BBB /* MBProgressHUD+HUD.bundle */; };
		E5CF4C5628CB10377B9960A7 /* libPods-MBProgressHUD-HUDTests.a in Frameworks */ = {isa = PBXBuildFile; fileRef = DA3BC59B239E976ECE821333 /* libPods-MBProgressHUD-HUDTests.a */; };
/* End PBXBuildFile section */

/* Begin PBXContainerItemProxy section */
		AFDF8F0320D8EAD1003D0BBB /* PBXContainerItemProxy */ = {
			isa = PBXContainerItemProxy;
			containerPortal = AFDF8EE220D8EACF003D0BBB /* Project object */;
			proxyType = 1;
			remoteGlobalIDString = AFDF8EE920D8EACF003D0BBB;
			remoteInfo = "MBProgressHUD-HUD";
		};
		AFDF8F0E20D8EAD1003D0BBB /* PBXContainerItemProxy */ = {
			isa = PBXContainerItemProxy;
			containerPortal = AFDF8EE220D8EACF003D0BBB /* Project object */;
			proxyType = 1;
			remoteGlobalIDString = AFDF8EE920D8EACF003D0BBB;
			remoteInfo = "MBProgressHUD-HUD";
		};
/* End PBXContainerItemProxy section */

/* Begin PBXFileReference section */
		15D30B3A4CC3186DF4D9365C /* Pods-MBProgressHUD-HUDUITests.debug.xcconfig */ = {isa = PBXFileReference; includeInIndex = 1; lastKnownFileType = text.xcconfig; name = "Pods-MBProgressHUD-HUDUITests.debug.xcconfig"; path = "Pods/Target Support Files/Pods-MBProgressHUD-HUDUITests/Pods-MBProgressHUD-HUDUITests.debug.xcconfig"; sourceTree = "<group>"; };
		1833A301F26F11127625A201 /* libPods-MBProgressHUD-HUDUITests.a */ = {isa = PBXFileReference; explicitFileType = archive.ar; includeInIndex = 0; path = "libPods-MBProgressHUD-HUDUITests.a"; sourceTree = BUILT_PRODUCTS_DIR; };
		3ECD237F5E6C639C003A4D53 /* Pods-MBProgressHUD-HUD.release.xcconfig */ = {isa = PBXFileReference; includeInIndex = 1; lastKnownFileType = text.xcconfig; name = "Pods-MBProgressHUD-HUD.release.xcconfig"; path = "Pods/Target Support Files/Pods-MBProgressHUD-HUD/Pods-MBProgressHUD-HUD.release.xcconfig"; sourceTree = "<group>"; };
		805C28EDF7D4646CD8D56AC1 /* Pods-MBProgressHUD-HUDTests.debug.xcconfig */ = {isa = PBXFileReference; includeInIndex = 1; lastKnownFileType = text.xcconfig; name = "Pods-MBProgressHUD-HUDTests.debug.xcconfig"; path = "Pods/Target Support Files/Pods-MBProgressHUD-HUDTests/Pods-MBProgressHUD-HUDTests.debug.xcconfig"; sourceTree = "<group>"; };
		99CA6DCD641B4A4B3FA1463E /* Pods-MBProgressHUD-HUDUITests.release.xcconfig */ = {isa = PBXFileReference; includeInIndex = 1; lastKnownFileType = text.xcconfig; name = "Pods-MBProgressHUD-HUDUITests.release.xcconfig"; path = "Pods/Target Support Files/Pods-MBProgressHUD-HUDUITests/Pods-MBProgressHUD-HUDUITests.release.xcconfig"; sourceTree = "<group>"; };
		AB8C5DCB68A88A6FC28D49E4 /* libPods-MBProgressHUD-HUD.a */ = {isa = PBXFileReference; explicitFileType = archive.ar; includeInIndex = 0; path = "libPods-MBProgressHUD-HUD.a"; sourceTree = BUILT_PRODUCTS_DIR; };
		AFDF8EEA20D8EACF003D0BBB /* MBProgressHUD-HUD.app */ = {isa = PBXFileReference; explicitFileType = wrapper.application; includeInIndex = 0; path = "MBProgressHUD-HUD.app"; sourceTree = BUILT_PRODUCTS_DIR; };
		AFDF8EED20D8EACF003D0BBB /* AppDelegate.h */ = {isa = PBXFileReference; lastKnownFileType = sourcecode.c.h; path = AppDelegate.h; sourceTree = "<group>"; };
		AFDF8EEE20D8EACF003D0BBB /* AppDelegate.m */ = {isa = PBXFileReference; lastKnownFileType = sourcecode.c.objc; path = AppDelegate.m; sourceTree = "<group>"; };
		AFDF8EF020D8EAD0003D0BBB /* ViewController.h */ = {isa = PBXFileReference; lastKnownFileType = sourcecode.c.h; path = ViewController.h; sourceTree = "<group>"; };
		AFDF8EF120D8EAD0003D0BBB /* ViewController.m */ = {isa = PBXFileReference; lastKnownFileType = sourcecode.c.objc; path = ViewController.m; sourceTree = "<group>"; };
		AFDF8EF420D8EAD0003D0BBB /* Base */ = {isa = PBXFileReference; lastKnownFileType = file.storyboard; name = Base; path = Base.lproj/Main.storyboard; sourceTree = "<group>"; };
		AFDF8EF620D8EAD0003D0BBB /* Assets.xcassets */ = {isa = PBXFileReference; lastKnownFileType = folder.assetcatalog; path = Assets.xcassets; sourceTree = "<group>"; };
		AFDF8EF920D8EAD0003D0BBB /* Base */ = {isa = PBXFileReference; lastKnownFileType = file.storyboard; name = Base; path = Base.lproj/LaunchScreen.storyboard; sourceTree = "<group>"; };
		AFDF8EFB20D8EAD0003D0BBB /* Info.plist */ = {isa = PBXFileReference; lastKnownFileType = text.plist.xml; path = Info.plist; sourceTree = "<group>"; };
		AFDF8EFC20D8EAD0003D0BBB /* main.m */ = {isa = PBXFileReference; lastKnownFileType = sourcecode.c.objc; path = main.m; sourceTree = "<group>"; };
		AFDF8F0220D8EAD1003D0BBB /* MBProgressHUD-HUDTests.xctest */ = {isa = PBXFileReference; explicitFileType = wrapper.cfbundle; includeInIndex = 0; path = "MBProgressHUD-HUDTests.xctest"; sourceTree = BUILT_PRODUCTS_DIR; };
		AFDF8F0620D8EAD1003D0BBB /* MBProgressHUD_HUDTests.m */ = {isa = PBXFileReference; lastKnownFileType = sourcecode.c.objc; path = MBProgressHUD_HUDTests.m; sourceTree = "<group>"; };
		AFDF8F0820D8EAD1003D0BBB /* Info.plist */ = {isa = PBXFileReference; lastKnownFileType = text.plist.xml; path = Info.plist; sourceTree = "<group>"; };
		AFDF8F0D20D8EAD1003D0BBB /* MBProgressHUD-HUDUITests.xctest */ = {isa = PBXFileReference; explicitFileType = wrapper.cfbundle; includeInIndex = 0; path = "MBProgressHUD-HUDUITests.xctest"; sourceTree = BUILT_PRODUCTS_DIR; };
		AFDF8F1120D8EAD1003D0BBB /* MBProgressHUD_HUDUITests.m */ = {isa = PBXFileReference; lastKnownFileType = sourcecode.c.objc; path = MBProgressHUD_HUDUITests.m; sourceTree = "<group>"; };
		AFDF8F1320D8EAD1003D0BBB /* Info.plist */ = {isa = PBXFileReference; lastKnownFileType = text.plist.xml; path = Info.plist; sourceTree = "<group>"; };
		AFDF8F1F20D8EAFD003D0BBB /* MBProgressHUD+HUD.m */ = {isa = PBXFileReference; fileEncoding = 4; lastKnownFileType = sourcecode.c.objc; path = "MBProgressHUD+HUD.m"; sourceTree = "<group>"; };
		AFDF8F2020D8EAFD003D0BBB /* MBProgressHUD+HUD.bundle */ = {isa = PBXFileReference; lastKnownFileType = "wrapper.plug-in"; path = "MBProgressHUD+HUD.bundle"; sourceTree = "<group>"; };
		AFDF8F2120D8EAFD003D0BBB /* MBProgressHUD+HUD.h */ = {isa = PBXFileReference; fileEncoding = 4; lastKnownFileType = sourcecode.c.h; path = "MBProgressHUD+HUD.h"; sourceTree = "<group>"; };
		B0ED3E7B10DD1C087A927FE1 /* Pods-MBProgressHUD-HUDTests.release.xcconfig */ = {isa = PBXFileReference; includeInIndex = 1; lastKnownFileType = text.xcconfig; name = "Pods-MBProgressHUD-HUDTests.release.xcconfig"; path = "Pods/Target Support Files/Pods-MBProgressHUD-HUDTests/Pods-MBProgressHUD-HUDTests.release.xcconfig"; sourceTree = "<group>"; };
		D67F50EB00D3FAAC1132A2D2 /* Pods-MBProgressHUD-HUD.debug.xcconfig */ = {isa = PBXFileReference; includeInIndex = 1; lastKnownFileType = text.xcconfig; name = "Pods-MBProgressHUD-HUD.debug.xcconfig"; path = "Pods/Target Support Files/Pods-MBProgressHUD-HUD/Pods-MBProgressHUD-HUD.debug.xcconfig"; sourceTree = "<group>"; };
		DA3BC59B239E976ECE821333 /* libPods-MBProgressHUD-HUDTests.a */ = {isa = PBXFileReference; explicitFileType = archive.ar; includeInIndex = 0; path = "libPods-MBProgressHUD-HUDTests.a"; sourceTree = BUILT_PRODUCTS_DIR; };
/* End PBXFileReference section */

/* Begin PBXFrameworksBuildPhase section */
		AFDF8EE720D8EACF003D0BBB /* Frameworks */ = {
			isa = PBXFrameworksBuildPhase;
			buildActionMask = 2147483647;
			files = (
				4F6F5A1AF63BF1FA546F5AEC /* libPods-MBProgressHUD-HUD.a in Frameworks */,
			);
			runOnlyForDeploymentPostprocessing = 0;
		};
		AFDF8EFF20D8EAD1003D0BBB /* Frameworks */ = {
			isa = PBXFrameworksBuildPhase;
			buildActionMask = 2147483647;
			files = (
				E5CF4C5628CB10377B9960A7 /* libPods-MBProgressHUD-HUDTests.a in Frameworks */,
			);
			runOnlyForDeploymentPostprocessing = 0;
		};
		AFDF8F0A20D8EAD1003D0BBB /* Frameworks */ = {
			isa = PBXFrameworksBuildPhase;
			buildActionMask = 2147483647;
			files = (
				5D9D0F5FA71070E87A88EB08 /* libPods-MBProgressHUD-HUDUITests.a in Frameworks */,
			);
			runOnlyForDeploymentPostprocessing = 0;
		};
/* End PBXFrameworksBuildPhase section */

/* Begin PBXGroup section */
		29E967C3EA664E42425043B4 /* Pods */ = {
			isa = PBXGroup;
			children = (
				D67F50EB00D3FAAC1132A2D2 /* Pods-MBProgressHUD-HUD.debug.xcconfig */,
				3ECD237F5E6C639C003A4D53 /* Pods-MBProgressHUD-HUD.release.xcconfig */,
				805C28EDF7D4646CD8D56AC1 /* Pods-MBProgressHUD-HUDTests.debug.xcconfig */,
				B0ED3E7B10DD1C087A927FE1 /* Pods-MBProgressHUD-HUDTests.release.xcconfig */,
				15D30B3A4CC3186DF4D9365C /* Pods-MBProgressHUD-HUDUITests.debug.xcconfig */,
				99CA6DCD641B4A4B3FA1463E /* Pods-MBProgressHUD-HUDUITests.release.xcconfig */,
			);
			name = Pods;
			sourceTree = "<group>";
		};
		AFDF8EE120D8EACF003D0BBB = {
			isa = PBXGroup;
			children = (
				AFDF8EEC20D8EACF003D0BBB /* MBProgressHUD-HUD */,
				AFDF8F0520D8EAD1003D0BBB /* MBProgressHUD-HUDTests */,
				AFDF8F1020D8EAD1003D0BBB /* MBProgressHUD-HUDUITests */,
				AFDF8EEB20D8EACF003D0BBB /* Products */,
				29E967C3EA664E42425043B4 /* Pods */,
				CA2F444FF5042071E86F1AE9 /* Frameworks */,
			);
			sourceTree = "<group>";
		};
		AFDF8EEB20D8EACF003D0BBB /* Products */ = {
			isa = PBXGroup;
			children = (
				AFDF8EEA20D8EACF003D0BBB /* MBProgressHUD-HUD.app */,
				AFDF8F0220D8EAD1003D0BBB /* MBProgressHUD-HUDTests.xctest */,
				AFDF8F0D20D8EAD1003D0BBB /* MBProgressHUD-HUDUITests.xctest */,
			);
			name = Products;
			sourceTree = "<group>";
		};
		AFDF8EEC20D8EACF003D0BBB /* MBProgressHUD-HUD */ = {
			isa = PBXGroup;
			children = (
				AFDF8EED20D8EACF003D0BBB /* AppDelegate.h */,
				AFDF8EEE20D8EACF003D0BBB /* AppDelegate.m */,
				AFDF8F2020D8EAFD003D0BBB /* MBProgressHUD+HUD.bundle */,
				AFDF8F2120D8EAFD003D0BBB /* MBProgressHUD+HUD.h */,
				AFDF8F1F20D8EAFD003D0BBB /* MBProgressHUD+HUD.m */,
				AFDF8EF020D8EAD0003D0BBB /* ViewController.h */,
				AFDF8EF120D8EAD0003D0BBB /* ViewController.m */,
				AFDF8EF320D8EAD0003D0BBB /* Main.storyboard */,
				AFDF8EF620D8EAD0003D0BBB /* Assets.xcassets */,
				AFDF8EF820D8EAD0003D0BBB /* LaunchScreen.storyboard */,
				AFDF8EFB20D8EAD0003D0BBB /* Info.plist */,
				AFDF8EFC20D8EAD0003D0BBB /* main.m */,
			);
			path = "MBProgressHUD-HUD";
			sourceTree = "<group>";
		};
		AFDF8F0520D8EAD1003D0BBB /* MBProgressHUD-HUDTests */ = {
			isa = PBXGroup;
			children = (
				AFDF8F0620D8EAD1003D0BBB /* MBProgressHUD_HUDTests.m */,
				AFDF8F0820D8EAD1003D0BBB /* Info.plist */,
			);
			path = "MBProgressHUD-HUDTests";
			sourceTree = "<group>";
		};
		AFDF8F1020D8EAD1003D0BBB /* MBProgressHUD-HUDUITests */ = {
			isa = PBXGroup;
			children = (
				AFDF8F1120D8EAD1003D0BBB /* MBProgressHUD_HUDUITests.m */,
				AFDF8F1320D8EAD1003D0BBB /* Info.plist */,
			);
			path = "MBProgressHUD-HUDUITests";
			sourceTree = "<group>";
		};
		CA2F444FF5042071E86F1AE9 /* Frameworks */ = {
			isa = PBXGroup;
			children = (
				AB8C5DCB68A88A6FC28D49E4 /* libPods-MBProgressHUD-HUD.a */,
				DA3BC59B239E976ECE821333 /* libPods-MBProgressHUD-HUDTests.a */,
				1833A301F26F11127625A201 /* libPods-MBProgressHUD-HUDUITests.a */,
			);
			name = Frameworks;
			sourceTree = "<group>";
		};
/* End PBXGroup section */

/* Begin PBXNativeTarget section */
		AFDF8EE920D8EACF003D0BBB /* MBProgressHUD-HUD */ = {
			isa = PBXNativeTarget;
			buildConfigurationList = AFDF8F1620D8EAD1003D0BBB /* Build configuration list for PBXNativeTarget "MBProgressHUD-HUD" */;
			buildPhases = (
				50139AB641C264EDB0C66A2B /* [CP] Check Pods Manifest.lock */,
				AFDF8EE620D8EACF003D0BBB /* Sources */,
				AFDF8EE720D8EACF003D0BBB /* Frameworks */,
				AFDF8EE820D8EACF003D0BBB /* Resources */,
			);
			buildRules = (
			);
			dependencies = (
			);
			name = "MBProgressHUD-HUD";
			productName = "MBProgressHUD-HUD";
			productReference = AFDF8EEA20D8EACF003D0BBB /* MBProgressHUD-HUD.app */;
			productType = "com.apple.product-type.application";
		};
		AFDF8F0120D8EAD1003D0BBB /* MBProgressHUD-HUDTests */ = {
			isa = PBXNativeTarget;
			buildConfigurationList = AFDF8F1920D8EAD1003D0BBB /* Build configuration list for PBXNativeTarget "MBProgressHUD-HUDTests" */;
			buildPhases = (
				081BD7AAE2A6E3C2EA505828 /* [CP] Check Pods Manifest.lock */,
				AFDF8EFE20D8EAD1003D0BBB /* Sources */,
				AFDF8EFF20D8EAD1003D0BBB /* Frameworks */,
				AFDF8F0020D8EAD1003D0BBB /* Resources */,
			);
			buildRules = (
			);
			dependencies = (
				AFDF8F0420D8EAD1003D0BBB /* PBXTargetDependency */,
			);
			name = "MBProgressHUD-HUDTests";
			productName = "MBProgressHUD-HUDTests";
			productReference = AFDF8F0220D8EAD1003D0BBB /* MBProgressHUD-HUDTests.xctest */;
			productType = "com.apple.product-type.bundle.unit-test";
		};
		AFDF8F0C20D8EAD1003D0BBB /* MBProgressHUD-HUDUITests */ = {
			isa = PBXNativeTarget;
			buildConfigurationList = AFDF8F1C20D8EAD1003D0BBB /* Build configuration list for PBXNativeTarget "MBProgressHUD-HUDUITests" */;
			buildPhases = (
				65C47301E327B5E56B64AF7F /* [CP] Check Pods Manifest.lock */,
				AFDF8F0920D8EAD1003D0BBB /* Sources */,
				AFDF8F0A20D8EAD1003D0BBB /* Frameworks */,
				AFDF8F0B20D8EAD1003D0BBB /* Resources */,
			);
			buildRules = (
			);
			dependencies = (
				AFDF8F0F20D8EAD1003D0BBB /* PBXTargetDependency */,
			);
			name = "MBProgressHUD-HUDUITests";
			productName = "MBProgressHUD-HUDUITests";
			productReference = AFDF8F0D20D8EAD1003D0BBB /* MBProgressHUD-HUDUITests.xctest */;
			productType = "com.apple.product-type.bundle.ui-testing";
		};
/* End PBXNativeTarget section */

/* Begin PBXProject section */
		AFDF8EE220D8EACF003D0BBB /* Project object */ = {
			isa = PBXProject;
			attributes = {
				LastUpgradeCheck = 0930;
				ORGANIZATIONNAME = careland;
				TargetAttributes = {
					AFDF8EE920D8EACF003D0BBB = {
						CreatedOnToolsVersion = 9.3;
					};
					AFDF8F0120D8EAD1003D0BBB = {
						CreatedOnToolsVersion = 9.3;
						TestTargetID = AFDF8EE920D8EACF003D0BBB;
					};
					AFDF8F0C20D8EAD1003D0BBB = {
						CreatedOnToolsVersion = 9.3;
						TestTargetID = AFDF8EE920D8EACF003D0BBB;
					};
				};
			};
			buildConfigurationList = AFDF8EE520D8EACF003D0BBB /* Build configuration list for PBXProject "MBProgressHUD-HUD" */;
			compatibilityVersion = "Xcode 9.3";
			developmentRegion = en;
			hasScannedForEncodings = 0;
			knownRegions = (
				en,
				Base,
			);
			mainGroup = AFDF8EE120D8EACF003D0BBB;
			productRefGroup = AFDF8EEB20D8EACF003D0BBB /* Products */;
			projectDirPath = "";
			projectRoot = "";
			targets = (
				AFDF8EE920D8EACF003D0BBB /* MBProgressHUD-HUD */,
				AFDF8F0120D8EAD1003D0BBB /* MBProgressHUD-HUDTests */,
				AFDF8F0C20D8EAD1003D0BBB /* MBProgressHUD-HUDUITests */,
			);
		};
/* End PBXProject section */

/* Begin PBXResourcesBuildPhase section */
		AFDF8EE820D8EACF003D0BBB /* Resources */ = {
			isa = PBXResourcesBuildPhase;
			buildActionMask = 2147483647;
			files = (
				AFDF8EFA20D8EAD0003D0BBB /* LaunchScreen.storyboard in Resources */,
				AFDF8F2320D8EAFD003D0BBB /* MBProgressHUD+HUD.bundle in Resources */,
				AFDF8EF720D8EAD0003D0BBB /* Assets.xcassets in Resources */,
				AFDF8EF520D8EAD0003D0BBB /* Main.storyboard in Resources */,
			);
			runOnlyForDeploymentPostprocessing = 0;
		};
		AFDF8F0020D8EAD1003D0BBB /* Resources */ = {
			isa = PBXResourcesBuildPhase;
			buildActionMask = 2147483647;
			files = (
			);
			runOnlyForDeploymentPostprocessing = 0;
		};
		AFDF8F0B20D8EAD1003D0BBB /* Resources */ = {
			isa = PBXResourcesBuildPhase;
			buildActionMask = 2147483647;
			files = (
			);
			runOnlyForDeploymentPostprocessing = 0;
		};
/* End PBXResourcesBuildPhase section */

/* Begin PBXShellScriptBuildPhase section */
		081BD7AAE2A6E3C2EA505828 /* [CP] Check Pods Manifest.lock */ = {
			isa = PBXShellScriptBuildPhase;
			buildActionMask = 2147483647;
			files = (
			);
			inputPaths = (
				"${PODS_PODFILE_DIR_PATH}/Podfile.lock",
				"${PODS_ROOT}/Manifest.lock",
			);
			name = "[CP] Check Pods Manifest.lock";
			outputPaths = (
				"$(DERIVED_FILE_DIR)/Pods-MBProgressHUD-HUDTests-checkManifestLockResult.txt",
			);
			runOnlyForDeploymentPostprocessing = 0;
			shellPath = /bin/sh;
			shellScript = "diff \"${PODS_PODFILE_DIR_PATH}/Podfile.lock\" \"${PODS_ROOT}/Manifest.lock\" > /dev/null\nif [ $? != 0 ] ; then\n    # print error to STDERR\n    echo \"error: The sandbox is not in sync with the Podfile.lock. Run 'pod install' or update your CocoaPods installation.\" >&2\n    exit 1\nfi\n# This output is used by Xcode 'outputs' to avoid re-running this script phase.\necho \"SUCCESS\" > \"${SCRIPT_OUTPUT_FILE_0}\"\n";
			showEnvVarsInLog = 0;
		};
		50139AB641C264EDB0C66A2B /* [CP] Check Pods Manifest.lock */ = {
			isa = PBXShellScriptBuildPhase;
			buildActionMask = 2147483647;
			files = (
			);
			inputPaths = (
				"${PODS_PODFILE_DIR_PATH}/Podfile.lock",
				"${PODS_ROOT}/Manifest.lock",
			);
			name = "[CP] Check Pods Manifest.lock";
			outputPaths = (
				"$(DERIVED_FILE_DIR)/Pods-MBProgressHUD-HUD-checkManifestLockResult.txt",
			);
			runOnlyForDeploymentPostprocessing = 0;
			shellPath = /bin/sh;
			shellScript = "diff \"${PODS_PODFILE_DIR_PATH}/Podfile.lock\" \"${PODS_ROOT}/Manifest.lock\" > /dev/null\nif [ $? != 0 ] ; then\n    # print error to STDERR\n    echo \"error: The sandbox is not in sync with the Podfile.lock. Run 'pod install' or update your CocoaPods installation.\" >&2\n    exit 1\nfi\n# This output is used by Xcode 'outputs' to avoid re-running this script phase.\necho \"SUCCESS\" > \"${SCRIPT_OUTPUT_FILE_0}\"\n";
			showEnvVarsInLog = 0;
		};
		65C47301E327B5E56B64AF7F /* [CP] Check Pods Manifest.lock */ = {
			isa = PBXShellScriptBuildPhase;
			buildActionMask = 2147483647;
			files = (
			);
			inputPaths = (
				"${PODS_PODFILE_DIR_PATH}/Podfile.lock",
				"${PODS_ROOT}/Manifest.lock",
			);
			name = "[CP] Check Pods Manifest.lock";
			outputPaths = (
				"$(DERIVED_FILE_DIR)/Pods-MBProgressHUD-HUDUITests-checkManifestLockResult.txt",
			);
			runOnlyForDeploymentPostprocessing = 0;
			shellPath = /bin/sh;
			shellScript = "diff \"${PODS_PODFILE_DIR_PATH}/Podfile.lock\" \"${PODS_ROOT}/Manifest.lock\" > /dev/null\nif [ $? != 0 ] ; then\n    # print error to STDERR\n    echo \"error: The sandbox is not in sync with the Podfile.lock. Run 'pod install' or update your CocoaPods installation.\" >&2\n    exit 1\nfi\n# This output is used by Xcode 'outputs' to avoid re-running this script phase.\necho \"SUCCESS\" > \"${SCRIPT_OUTPUT_FILE_0}\"\n";
			showEnvVarsInLog = 0;
		};
/* End PBXShellScriptBuildPhase section */

/* Begin PBXSourcesBuildPhase section */
		AFDF8EE620D8EACF003D0BBB /* Sources */ = {
			isa = PBXSourcesBuildPhase;
			buildActionMask = 2147483647;
			files = (
				AFDF8EF220D8EAD0003D0BBB /* ViewController.m in Sources */,
				AFDF8EFD20D8EAD0003D0BBB /* main.m in Sources */,
				AFDF8EEF20D8EACF003D0BBB /* AppDelegate.m in Sources */,
				AFDF8F2220D8EAFD003D0BBB /* MBProgressHUD+HUD.m in Sources */,
			);
			runOnlyForDeploymentPostprocessing = 0;
		};
		AFDF8EFE20D8EAD1003D0BBB /* Sources */ = {
			isa = PBXSourcesBuildPhase;
			buildActionMask = 2147483647;
			files = (
				AFDF8F0720D8EAD1003D0BBB /* MBProgressHUD_HUDTests.m in Sources */,
			);
			runOnlyForDeploymentPostprocessing = 0;
		};
		AFDF8F0920D8EAD1003D0BBB /* Sources */ = {
			isa = PBXSourcesBuildPhase;
			buildActionMask = 2147483647;
			files = (
				AFDF8F1220D8EAD1003D0BBB /* MBProgressHUD_HUDUITests.m in Sources */,
			);
			runOnlyForDeploymentPostprocessing = 0;
		};
/* End PBXSourcesBuildPhase section */

/* Begin PBXTargetDependency section */
		AFDF8F0420D8EAD1003D0BBB /* PBXTargetDependency */ = {
			isa = PBXTargetDependency;
			target = AFDF8EE920D8EACF003D0BBB /* MBProgressHUD-HUD */;
			targetProxy = AFDF8F0320D8EAD1003D0BBB /* PBXContainerItemProxy */;
		};
		AFDF8F0F20D8EAD1003D0BBB /* PBXTargetDependency */ = {
			isa = PBXTargetDependency;
			target = AFDF8EE920D8EACF003D0BBB /* MBProgressHUD-HUD */;
			targetProxy = AFDF8F0E20D8EAD1003D0BBB /* PBXContainerItemProxy */;
		};
/* End PBXTargetDependency section */

/* Begin PBXVariantGroup section */
		AFDF8EF320D8EAD0003D0BBB /* Main.storyboard */ = {
			isa = PBXVariantGroup;
			children = (
				AFDF8EF420D8EAD0003D0BBB /* Base */,
			);
			name = Main.storyboard;
			sourceTree = "<group>";
		};
		AFDF8EF820D8EAD0003D0BBB /* LaunchScreen.storyboard */ = {
			isa = PBXVariantGroup;
			children = (
				AFDF8EF920D8EAD0003D0BBB /* Base */,
			);
			name = LaunchScreen.storyboard;
			sourceTree = "<group>";
		};
/* End PBXVariantGroup section */

/* Begin XCBuildConfiguration section */
		AFDF8F1420D8EAD1003D0BBB /* Debug */ = {
			isa = XCBuildConfiguration;
			buildSettings = {
				ALWAYS_SEARCH_USER_PATHS = NO;
				CLANG_ANALYZER_NONNULL = YES;
				CLANG_ANALYZER_NUMBER_OBJECT_CONVERSION = YES_AGGRESSIVE;
				CLANG_CXX_LANGUAGE_STANDARD = "gnu++14";
				CLANG_CXX_LIBRARY = "libc++";
				CLANG_ENABLE_MODULES = YES;
				CLANG_ENABLE_OBJC_ARC = YES;
				CLANG_ENABLE_OBJC_WEAK = YES;
				CLANG_WARN_BLOCK_CAPTURE_AUTORELEASING = YES;
				CLANG_WARN_BOOL_CONVERSION = YES;
				CLANG_WARN_COMMA = YES;
				CLANG_WARN_CONSTANT_CONVERSION = YES;
				CLANG_WARN_DEPRECATED_OBJC_IMPLEMENTATIONS = YES;
				CLANG_WARN_DIRECT_OBJC_ISA_USAGE = YES_ERROR;
				CLANG_WARN_DOCUMENTATION_COMMENTS = YES;
				CLANG_WARN_EMPTY_BODY = YES;
				CLANG_WARN_ENUM_CONVERSION = YES;
				CLANG_WARN_INFINITE_RECURSION = YES;
				CLANG_WARN_INT_CONVERSION = YES;
				CLANG_WARN_NON_LITERAL_NULL_CONVERSION = YES;
				CLANG_WARN_OBJC_IMPLICIT_RETAIN_SELF = YES;
				CLANG_WARN_OBJC_LITERAL_CONVERSION = YES;
				CLANG_WARN_OBJC_ROOT_CLASS = YES_ERROR;
				CLANG_WARN_RANGE_LOOP_ANALYSIS = YES;
				CLANG_WARN_STRICT_PROTOTYPES = YES;
				CLANG_WARN_SUSPICIOUS_MOVE = YES;
				CLANG_WARN_UNGUARDED_AVAILABILITY = YES_AGGRESSIVE;
				CLANG_WARN_UNREACHABLE_CODE = YES;
				CLANG_WARN__DUPLICATE_METHOD_MATCH = YES;
				CODE_SIGN_IDENTITY = "iPhone Developer";
				COPY_PHASE_STRIP = NO;
				DEBUG_INFORMATION_FORMAT = dwarf;
				ENABLE_STRICT_OBJC_MSGSEND = YES;
				ENABLE_TESTABILITY = YES;
				GCC_C_LANGUAGE_STANDARD = gnu11;
				GCC_DYNAMIC_NO_PIC = NO;
				GCC_NO_COMMON_BLOCKS = YES;
				GCC_OPTIMIZATION_LEVEL = 0;
				GCC_PREPROCESSOR_DEFINITIONS = (
					"DEBUG=1",
					"$(inherited)",
				);
				GCC_WARN_64_TO_32_BIT_CONVERSION = YES;
				GCC_WARN_ABOUT_RETURN_TYPE = YES_ERROR;
				GCC_WARN_UNDECLARED_SELECTOR = YES;
				GCC_WARN_UNINITIALIZED_AUTOS = YES_AGGRESSIVE;
				GCC_WARN_UNUSED_FUNCTION = YES;
				GCC_WARN_UNUSED_VARIABLE = YES;
				IPHONEOS_DEPLOYMENT_TARGET = 11.3;
				MTL_ENABLE_DEBUG_INFO = YES;
				ONLY_ACTIVE_ARCH = YES;
				SDKROOT = iphoneos;
			};
			name = Debug;
		};
		AFDF8F1520D8EAD1003D0BBB /* Release */ = {
			isa = XCBuildConfiguration;
			buildSettings = {
				ALWAYS_SEARCH_USER_PATHS = NO;
				CLANG_ANALYZER_NONNULL = YES;
				CLANG_ANALYZER_NUMBER_OBJECT_CONVERSION = YES_AGGRESSIVE;
				CLANG_CXX_LANGUAGE_STANDARD = "gnu++14";
				CLANG_CXX_LIBRARY = "libc++";
				CLANG_ENABLE_MODULES = YES;
				CLANG_ENABLE_OBJC_ARC = YES;
				CLANG_ENABLE_OBJC_WEAK = YES;
				CLANG_WARN_BLOCK_CAPTURE_AUTORELEASING = YES;
				CLANG_WARN_BOOL_CONVERSION = YES;
				CLANG_WARN_COMMA = YES;
				CLANG_WARN_CONSTANT_CONVERSION = YES;
				CLANG_WARN_DEPRECATED_OBJC_IMPLEMENTATIONS = YES;
				CLANG_WARN_DIRECT_OBJC_ISA_USAGE = YES_ERROR;
				CLANG_WARN_DOCUMENTATION_COMMENTS = YES;
				CLANG_WARN_EMPTY_BODY = YES;
				CLANG_WARN_ENUM_CONVERSION = YES;
				CLANG_WARN_INFINITE_RECURSION = YES;
				CLANG_WARN_INT_CONVERSION = YES;
				CLANG_WARN_NON_LITERAL_NULL_CONVERSION = YES;
				CLANG_WARN_OBJC_IMPLICIT_RETAIN_SELF = YES;
				CLANG_WARN_OBJC_LITERAL_CONVERSION = YES;
				CLANG_WARN_OBJC_ROOT_CLASS = YES_ERROR;
				CLANG_WARN_RANGE_LOOP_ANALYSIS = YES;
				CLANG_WARN_STRICT_PROTOTYPES = YES;
				CLANG_WARN_SUSPICIOUS_MOVE = YES;
				CLANG_WARN_UNGUARDED_AVAILABILITY = YES_AGGRESSIVE;
				CLANG_WARN_UNREACHABLE_CODE = YES;
				CLANG_WARN__DUPLICATE_METHOD_MATCH = YES;
				CODE_SIGN_IDENTITY = "iPhone Developer";
				COPY_PHASE_STRIP = NO;
				DEBUG_INFORMATION_FORMAT = "dwarf-with-dsym";
				ENABLE_NS_ASSERTIONS = NO;
				ENABLE_STRICT_OBJC_MSGSEND = YES;
				GCC_C_LANGUAGE_STANDARD = gnu11;
				GCC_NO_COMMON_BLOCKS = YES;
				GCC_WARN_64_TO_32_BIT_CONVERSION = YES;
				GCC_WARN_ABOUT_RETURN_TYPE = YES_ERROR;
				GCC_WARN_UNDECLARED_SELECTOR = YES;
				GCC_WARN_UNINITIALIZED_AUTOS = YES_AGGRESSIVE;
				GCC_WARN_UNUSED_FUNCTION = YES;
				GCC_WARN_UNUSED_VARIABLE = YES;
				IPHONEOS_DEPLOYMENT_TARGET = 11.3;
				MTL_ENABLE_DEBUG_INFO = NO;
				SDKROOT = iphoneos;
				VALIDATE_PRODUCT = YES;
			};
			name = Release;
		};
		AFDF8F1720D8EAD1003D0BBB /* Debug */ = {
			isa = XCBuildConfiguration;
			baseConfigurationReference = D67F50EB00D3FAAC1132A2D2 /* Pods-MBProgressHUD-HUD.debug.xcconfig */;
			buildSettings = {
				ASSETCATALOG_COMPILER_APPICON_NAME = AppIcon;
				CODE_SIGN_STYLE = Automatic;
				DEVELOPMENT_TEAM = 9T67H8P2WC;
				INFOPLIST_FILE = "MBProgressHUD-HUD/Info.plist";
				LD_RUNPATH_SEARCH_PATHS = (
					"$(inherited)",
					"@executable_path/Frameworks",
				);
				PRODUCT_BUNDLE_IDENTIFIER = "com.careland.MBProgressHUD-HUD";
				PRODUCT_NAME = "$(TARGET_NAME)";
				TARGETED_DEVICE_FAMILY = "1,2";
			};
			name = Debug;
		};
		AFDF8F1820D8EAD1003D0BBB /* Release */ = {
			isa = XCBuildConfiguration;
			baseConfigurationReference = 3ECD237F5E6C639C003A4D53 /* Pods-MBProgressHUD-HUD.release.xcconfig */;
			buildSettings = {
				ASSETCATALOG_COMPILER_APPICON_NAME = AppIcon;
				CODE_SIGN_STYLE = Automatic;
				DEVELOPMENT_TEAM = 9T67H8P2WC;
				INFOPLIST_FILE = "MBProgressHUD-HUD/Info.plist";
				LD_RUNPATH_SEARCH_PATHS = (
					"$(inherited)",
					"@executable_path/Frameworks",
				);
				PRODUCT_BUNDLE_IDENTIFIER = "com.careland.MBProgressHUD-HUD";
				PRODUCT_NAME = "$(TARGET_NAME)";
				TARGETED_DEVICE_FAMILY = "1,2";
			};
			name = Release;
		};
		AFDF8F1A20D8EAD1003D0BBB /* Debug */ = {
			isa = XCBuildConfiguration;
			baseConfigurationReference = 805C28EDF7D4646CD8D56AC1 /* Pods-MBProgressHUD-HUDTests.debug.xcconfig */;
			buildSettings = {
				BUNDLE_LOADER = "$(TEST_HOST)";
				CODE_SIGN_STYLE = Automatic;
				DEVELOPMENT_TEAM = 9T67H8P2WC;
				INFOPLIST_FILE = "MBProgressHUD-HUDTests/Info.plist";
				LD_RUNPATH_SEARCH_PATHS = (
					"$(inherited)",
					"@executable_path/Frameworks",
					"@loader_path/Frameworks",
				);
				PRODUCT_BUNDLE_IDENTIFIER = "com.careland.MBProgressHUD-HUDTests";
				PRODUCT_NAME = "$(TARGET_NAME)";
				TARGETED_DEVICE_FAMILY = "1,2";
				TEST_HOST = "$(BUILT_PRODUCTS_DIR)/MBProgressHUD-HUD.app/MBProgressHUD-HUD";
			};
			name = Debug;
		};
		AFDF8F1B20D8EAD1003D0BBB /* Release */ = {
			isa = XCBuildConfiguration;
			baseConfigurationReference = B0ED3E7B10DD1C087A927FE1 /* Pods-MBProgressHUD-HUDTests.release.xcconfig */;
			buildSettings = {
				BUNDLE_LOADER = "$(TEST_HOST)";
				CODE_SIGN_STYLE = Automatic;
				DEVELOPMENT_TEAM = 9T67H8P2WC;
				INFOPLIST_FILE = "MBProgressHUD-HUDTests/Info.plist";
				LD_RUNPATH_SEARCH_PATHS = (
					"$(inherited)",
					"@executable_path/Frameworks",
					"@loader_path/Frameworks",
				);
				PRODUCT_BUNDLE_IDENTIFIER = "com.careland.MBProgressHUD-HUDTests";
				PRODUCT_NAME = "$(TARGET_NAME)";
				TARGETED_DEVICE_FAMILY = "1,2";
				TEST_HOST = "$(BUILT_PRODUCTS_DIR)/MBProgressHUD-HUD.app/MBProgressHUD-HUD";
			};
			name = Release;
		};
		AFDF8F1D20D8EAD1003D0BBB /* Debug */ = {
			isa = XCBuildConfiguration;
			baseConfigurationReference = 15D30B3A4CC3186DF4D9365C /* Pods-MBProgressHUD-HUDUITests.debug.xcconfig */;
			buildSettings = {
				CODE_SIGN_STYLE = Automatic;
				DEVELOPMENT_TEAM = 9T67H8P2WC;
				INFOPLIST_FILE = "MBProgressHUD-HUDUITests/Info.plist";
				LD_RUNPATH_SEARCH_PATHS = (
					"$(inherited)",
					"@executable_path/Frameworks",
					"@loader_path/Frameworks",
				);
				PRODUCT_BUNDLE_IDENTIFIER = "com.careland.MBProgressHUD-HUDUITests";
				PRODUCT_NAME = "$(TARGET_NAME)";
				TARGETED_DEVICE_FAMILY = "1,2";
				TEST_TARGET_NAME = "MBProgressHUD-HUD";
			};
			name = Debug;
		};
		AFDF8F1E20D8EAD1003D0BBB /* Release */ = {
			isa = XCBuildConfiguration;
			baseConfigurationReference = 99CA6DCD641B4A4B3FA1463E /* Pods-MBProgressHUD-HUDUITests.release.xcconfig */;
			buildSettings = {
				CODE_SIGN_STYLE = Automatic;
				DEVELOPMENT_TEAM = 9T67H8P2WC;
				INFOPLIST_FILE = "MBProgressHUD-HUDUITests/Info.plist";
				LD_RUNPATH_SEARCH_PATHS = (
					"$(inherited)",
					"@executable_path/Frameworks",
					"@loader_path/Frameworks",
				);
				PRODUCT_BUNDLE_IDENTIFIER = "com.careland.MBProgressHUD-HUDUITests";
				PRODUCT_NAME = "$(TARGET_NAME)";
				TARGETED_DEVICE_FAMILY = "1,2";
				TEST_TARGET_NAME = "MBProgressHUD-HUD";
			};
			name = Release;
		};
/* End XCBuildConfiguration section */

/* Begin XCConfigurationList section */
		AFDF8EE520D8EACF003D0BBB /* Build configuration list for PBXProject "MBProgressHUD-HUD" */ = {
			isa = XCConfigurationList;
			buildConfigurations = (
				AFDF8F1420D8EAD1003D0BBB /* Debug */,
				AFDF8F1520D8EAD1003D0BBB /* Release */,
			);
			defaultConfigurationIsVisible = 0;
			defaultConfigurationName = Release;
		};
		AFDF8F1620D8EAD1003D0BBB /* Build configuration list for PBXNativeTarget "MBProgressHUD-HUD" */ = {
			isa = XCConfigurationList;
			buildConfigurations = (
				AFDF8F1720D8EAD1003D0BBB /* Debug */,
				AFDF8F1820D8EAD1003D0BBB /* Release */,
			);
			defaultConfigurationIsVisible = 0;
			defaultConfigurationName = Release;
		};
		AFDF8F1920D8EAD1003D0BBB /* Build configuration list for PBXNativeTarget "MBProgressHUD-HUDTests" */ = {
			isa = XCConfigurationList;
			buildConfigurations = (
				AFDF8F1A20D8EAD1003D0BBB /* Debug */,
				AFDF8F1B20D8EAD1003D0BBB /* Release */,
			);
			defaultConfigurationIsVisible = 0;
			defaultConfigurationName = Release;
		};
		AFDF8F1C20D8EAD1003D0BBB /* Build configuration list for PBXNativeTarget "MBProgressHUD-HUDUITests" */ = {
			isa = XCConfigurationList;
			buildConfigurations = (
				AFDF8F1D20D8EAD1003D0BBB /* Debug */,
				AFDF8F1E20D8EAD1003D0BBB /* Release */,
			);
			defaultConfigurationIsVisible = 0;
			defaultConfigurationName = Release;
		};
/* End XCConfigurationList section */
	};
	rootObject = AFDF8EE220D8EACF003D0BBB /* Project object */;
}
